<Solution>
  <Configurations>
    <BuildType Name="Debug" />
    <BuildType Name="Release" />
    <BuildType Name="dev-n8" />
    <BuildType Name="dev-nf" />
  </Configurations>
  <Project Path="packages\UsrCustomProcessElement\Files\UsrCustomProcessElement.csproj" />
  <Project Path="tests\UsrCustomProcessElement\UsrCustomProcessElement.Tests.csproj" />
  <Project Path="tests\UsrCustomProcessElement.IntegrationTests\UsrCustomProcessElement.IntegrationTests.csproj" />
</Solution>